
Microsoft Visual Studio Solution File, Format Version 12.00
# Visual Studio Version 16
VisualStudioVersion = 16.0.31911.196
MinimumVisualStudioVersion = 10.0.40219.1
Project("{FAE04EC0-301F-11D3-BF4B-00C04F79EFBC}") = "GetInvoice", "GetInvoice\GetInvoice.csproj", "{EFB7261C-7C07-4C44-A9FB-53B2026CD83B}"
EndProject
Global
	GlobalSection(SolutionConfigurationPlatforms) = preSolution
		Debug|Any CPU = Debug|Any CPU
		Release|Any CPU = Release|Any CPU
	EndGlobalSection
	GlobalSection(ProjectConfigurationPlatforms) = postSolution
		{EFB7261C-7C07-4C44-A9FB-53B2026CD83B}.Debug|Any CPU.ActiveCfg = Debug|Any CPU
		{EFB7261C-7C07-4C44-A9FB-53B2026CD83B}.Debug|Any CPU.Build.0 = Debug|Any CPU
		{EFB7261C-7C07-4C44-A9FB-53B2026CD83B}.Release|Any CPU.ActiveCfg = Release|Any CPU
		{EFB7261C-7C07-4C44-A9FB-53B2026CD83B}.Release|Any CPU.Build.0 = Release|Any CPU
	EndGlobalSection
	GlobalSection(SolutionProperties) = preSolution
		HideSolutionNode = FALSE
	EndGlobalSection
	GlobalSection(ExtensibilityGlobals) = postSolution
		SolutionGuid = {8526038E-9DC1-4905-871D-F03FE4375C26}
	EndGlobalSection
EndGlobal
